
Microsoft Visual Studio Solution File, Format Version 12.00
# Visual Studio 15
Project("{FAE04EC0-301F-11D3-BF4B-00C04F79EFBC}") = "Zenject", "Zenject.csproj", "{55704799-153D-7ABC-EC62-CDCD83BC34B9}"
EndProject
Project("{FAE04EC0-301F-11D3-BF4B-00C04F79EFBC}") = "Zenject-UnitTests-Editor", "Zenject-UnitTests-Editor.csproj", "{DED2FEAD-AA57-B9AB-1AF7-B0D96EDE7F6C}"
EndProject
Project("{FAE04EC0-301F-11D3-BF4B-00C04F79EFBC}") = "Zenject-IntegrationTests", "Zenject-IntegrationTests.csproj", "{DE7AA4BB-6D7B-6667-E565-CD577FC0AD2D}"
EndProject
Project("{FAE04EC0-301F-11D3-BF4B-00C04F79EFBC}") = "Zenject-IntegrationTests-Editor", "Zenject-IntegrationTests-Editor.csproj", "{B3608F39-3856-1922-B059-0420E0F09DC1}"
EndProject
Project("{FAE04EC0-301F-11D3-BF4B-00C04F79EFBC}") = "Assembly-CSharp", "Assembly-CSharp.csproj", "{DA5784F0-82D7-3443-8114-E5384DE4C71B}"
EndProject
Project("{FAE04EC0-301F-11D3-BF4B-00C04F79EFBC}") = "Zenject-ReflectionBaking-Editor", "Zenject-ReflectionBaking-Editor.csproj", "{74DCEC3E-162F-7F47-D7E4-8DF8EBA2EFE3}"
EndProject
Project("{FAE04EC0-301F-11D3-BF4B-00C04F79EFBC}") = "Zenject-Editor", "Zenject-Editor.csproj", "{64C4D58C-6AE2-FF43-F6B7-795519D37D30}"
EndProject
Project("{FAE04EC0-301F-11D3-BF4B-00C04F79EFBC}") = "Assembly-CSharp-firstpass", "Assembly-CSharp-firstpass.csproj", "{728B58A0-C638-D5EA-3F0A-3F9F056DAB44}"
EndProject
Project("{FAE04EC0-301F-11D3-BF4B-00C04F79EFBC}") = "Zenject-TestFramework", "Zenject-TestFramework.csproj", "{15B2FC40-10F7-B53F-C3D3-C3837DF2335F}"
EndProject
Project("{FAE04EC0-301F-11D3-BF4B-00C04F79EFBC}") = "Zenject-PoolMonitor-Editor", "Zenject-PoolMonitor-Editor.csproj", "{23DDFAC6-AA82-ACAE-4291-86DEBA74A08F}"
EndProject
Project("{FAE04EC0-301F-11D3-BF4B-00C04F79EFBC}") = "Assembly-CSharp-Editor", "Assembly-CSharp-Editor.csproj", "{17B00D9F-103E-F571-B321-10DBC01E5D96}"
EndProject
Global
	GlobalSection(SolutionConfigurationPlatforms) = preSolution
		Debug|Any CPU = Debug|Any CPU
		Release|Any CPU = Release|Any CPU
	EndGlobalSection
	GlobalSection(ProjectConfigurationPlatforms) = postSolution
		{55704799-153D-7ABC-EC62-CDCD83BC34B9}.Debug|Any CPU.ActiveCfg = Debug|Any CPU
		{55704799-153D-7ABC-EC62-CDCD83BC34B9}.Debug|Any CPU.Build.0 = Debug|Any CPU
		{55704799-153D-7ABC-EC62-CDCD83BC34B9}.Release|Any CPU.ActiveCfg = Release|Any CPU
		{55704799-153D-7ABC-EC62-CDCD83BC34B9}.Release|Any CPU.Build.0 = Release|Any CPU
		{DED2FEAD-AA57-B9AB-1AF7-B0D96EDE7F6C}.Debug|Any CPU.ActiveCfg = Debug|Any CPU
		{DED2FEAD-AA57-B9AB-1AF7-B0D96EDE7F6C}.Debug|Any CPU.Build.0 = Debug|Any CPU
		{DED2FEAD-AA57-B9AB-1AF7-B0D96EDE7F6C}.Release|Any CPU.ActiveCfg = Release|Any CPU
		{DED2FEAD-AA57-B9AB-1AF7-B0D96EDE7F6C}.Release|Any CPU.Build.0 = Release|Any CPU
		{DE7AA4BB-6D7B-6667-E565-CD577FC0AD2D}.Debug|Any CPU.ActiveCfg = Debug|Any CPU
		{DE7AA4BB-6D7B-6667-E565-CD577FC0AD2D}.Debug|Any CPU.Build.0 = Debug|Any CPU
		{DE7AA4BB-6D7B-6667-E565-CD577FC0AD2D}.Release|Any CPU.ActiveCfg = Release|Any CPU
		{DE7AA4BB-6D7B-6667-E565-CD577FC0AD2D}.Release|Any CPU.Build.0 = Release|Any CPU
		{B3608F39-3856-1922-B059-0420E0F09DC1}.Debug|Any CPU.ActiveCfg = Debug|Any CPU
		{B3608F39-3856-1922-B059-0420E0F09DC1}.Debug|Any CPU.Build.0 = Debug|Any CPU
		{B3608F39-3856-1922-B059-0420E0F09DC1}.Release|Any CPU.ActiveCfg = Release|Any CPU
		{B3608F39-3856-1922-B059-0420E0F09DC1}.Release|Any CPU.Build.0 = Release|Any CPU
		{DA5784F0-82D7-3443-8114-E5384DE4C71B}.Debug|Any CPU.ActiveCfg = Debug|Any CPU
		{DA5784F0-82D7-3443-8114-E5384DE4C71B}.Debug|Any CPU.Build.0 = Debug|Any CPU
		{DA5784F0-82D7-3443-8114-E5384DE4C71B}.Release|Any CPU.ActiveCfg = Release|Any CPU
		{DA5784F0-82D7-3443-8114-E5384DE4C71B}.Release|Any CPU.Build.0 = Release|Any CPU
		{74DCEC3E-162F-7F47-D7E4-8DF8EBA2EFE3}.Debug|Any CPU.ActiveCfg = Debug|Any CPU
		{74DCEC3E-162F-7F47-D7E4-8DF8EBA2EFE3}.Debug|Any CPU.Build.0 = Debug|Any CPU
		{74DCEC3E-162F-7F47-D7E4-8DF8EBA2EFE3}.Release|Any CPU.ActiveCfg = Release|Any CPU
		{74DCEC3E-162F-7F47-D7E4-8DF8EBA2EFE3}.Release|Any CPU.Build.0 = Release|Any CPU
		{64C4D58C-6AE2-FF43-F6B7-795519D37D30}.Debug|Any CPU.ActiveCfg = Debug|Any CPU
		{64C4D58C-6AE2-FF43-F6B7-795519D37D30}.Debug|Any CPU.Build.0 = Debug|Any CPU
		{64C4D58C-6AE2-FF43-F6B7-795519D37D30}.Release|Any CPU.ActiveCfg = Release|Any CPU
		{64C4D58C-6AE2-FF43-F6B7-795519D37D30}.Release|Any CPU.Build.0 = Release|Any CPU
		{728B58A0-C638-D5EA-3F0A-3F9F056DAB44}.Debug|Any CPU.ActiveCfg = Debug|Any CPU
		{728B58A0-C638-D5EA-3F0A-3F9F056DAB44}.Debug|Any CPU.Build.0 = Debug|Any CPU
		{728B58A0-C638-D5EA-3F0A-3F9F056DAB44}.Release|Any CPU.ActiveCfg = Release|Any CPU
		{728B58A0-C638-D5EA-3F0A-3F9F056DAB44}.Release|Any CPU.Build.0 = Release|Any CPU
		{15B2FC40-10F7-B53F-C3D3-C3837DF2335F}.Debug|Any CPU.ActiveCfg = Debug|Any CPU
		{15B2FC40-10F7-B53F-C3D3-C3837DF2335F}.Debug|Any CPU.Build.0 = Debug|Any CPU
		{15B2FC40-10F7-B53F-C3D3-C3837DF2335F}.Release|Any CPU.ActiveCfg = Release|Any CPU
		{15B2FC40-10F7-B53F-C3D3-C3837DF2335F}.Release|Any CPU.Build.0 = Release|Any CPU
		{23DDFAC6-AA82-ACAE-4291-86DEBA74A08F}.Debug|Any CPU.ActiveCfg = Debug|Any CPU
		{23DDFAC6-AA82-ACAE-4291-86DEBA74A08F}.Debug|Any CPU.Build.0 = Debug|Any CPU
		{23DDFAC6-AA82-ACAE-4291-86DEBA74A08F}.Release|Any CPU.ActiveCfg = Release|Any CPU
		{23DDFAC6-AA82-ACAE-4291-86DEBA74A08F}.Release|Any CPU.Build.0 = Release|Any CPU
		{17B00D9F-103E-F571-B321-10DBC01E5D96}.Debug|Any CPU.ActiveCfg = Debug|Any CPU
		{17B00D9F-103E-F571-B321-10DBC01E5D96}.Debug|Any CPU.Build.0 = Debug|Any CPU
		{17B00D9F-103E-F571-B321-10DBC01E5D96}.Release|Any CPU.ActiveCfg = Release|Any CPU
		{17B00D9F-103E-F571-B321-10DBC01E5D96}.Release|Any CPU.Build.0 = Release|Any CPU
	EndGlobalSection
	GlobalSection(SolutionProperties) = preSolution
		HideSolutionNode = FALSE
	EndGlobalSection
EndGlobal
