
Microsoft Visual Studio Solution File, Format Version 12.00
# Visual Studio 15
Project("{FAE04EC0-301F-11D3-BF4B-00C04F79EFBC}") = "Zenject", "Zenject.csproj", "{7C971792-81C1-7743-D57B-8FB67D10CC7B}"
EndProject
Project("{FAE04EC0-301F-11D3-BF4B-00C04F79EFBC}") = "Zenject-UnitTests-Editor", "Zenject-UnitTests-Editor.csproj", "{1641F893-095C-6C67-37DC-D8C72D63CC0A}"
EndProject
Project("{FAE04EC0-301F-11D3-BF4B-00C04F79EFBC}") = "Zenject-IntegrationTests", "Zenject-IntegrationTests.csproj", "{0E4E2862-8792-EB11-69D7-2B851CDE9B65}"
EndProject
Project("{FAE04EC0-301F-11D3-BF4B-00C04F79EFBC}") = "Zenject-IntegrationTests-Editor", "Zenject-IntegrationTests-Editor.csproj", "{39AE6E17-EB44-BD90-4A44-F33DC04A681D}"
EndProject
Project("{FAE04EC0-301F-11D3-BF4B-00C04F79EFBC}") = "Zenject-ReflectionBaking-Editor", "Zenject-ReflectionBaking-Editor.csproj", "{D129CD57-DC4E-1ABF-1485-DA591C777F92}"
EndProject
Project("{FAE04EC0-301F-11D3-BF4B-00C04F79EFBC}") = "Assembly-CSharp", "Assembly-CSharp.csproj", "{5547C944-8C65-92CA-6AFD-F4ADC546E1EE}"
EndProject
Project("{FAE04EC0-301F-11D3-BF4B-00C04F79EFBC}") = "Zenject-Editor", "Zenject-Editor.csproj", "{F004A211-F13E-0390-16B0-02E6D8AF952D}"
EndProject
Project("{FAE04EC0-301F-11D3-BF4B-00C04F79EFBC}") = "Assembly-CSharp-firstpass", "Assembly-CSharp-firstpass.csproj", "{F7FCFBE7-CC6D-EC67-2E42-5A5C6490DB8D}"
EndProject
Project("{FAE04EC0-301F-11D3-BF4B-00C04F79EFBC}") = "Zenject-TestFramework", "Zenject-TestFramework.csproj", "{B542383F-A222-D074-2E3D-E91F5A91D9E9}"
EndProject
Project("{FAE04EC0-301F-11D3-BF4B-00C04F79EFBC}") = "Zenject-PoolMonitor-Editor", "Zenject-PoolMonitor-Editor.csproj", "{27D91D01-8A8A-D842-996D-F4BEF16AD160}"
EndProject
Project("{FAE04EC0-301F-11D3-BF4B-00C04F79EFBC}") = "Assembly-CSharp-Editor", "Assembly-CSharp-Editor.csproj", "{E97F3235-0439-85C7-9ABD-2E6020C4A3F4}"
EndProject
Global
	GlobalSection(SolutionConfigurationPlatforms) = preSolution
		Debug|Any CPU = Debug|Any CPU
		Release|Any CPU = Release|Any CPU
	EndGlobalSection
	GlobalSection(ProjectConfigurationPlatforms) = postSolution
		{7C971792-81C1-7743-D57B-8FB67D10CC7B}.Debug|Any CPU.ActiveCfg = Debug|Any CPU
		{7C971792-81C1-7743-D57B-8FB67D10CC7B}.Debug|Any CPU.Build.0 = Debug|Any CPU
		{7C971792-81C1-7743-D57B-8FB67D10CC7B}.Release|Any CPU.ActiveCfg = Release|Any CPU
		{7C971792-81C1-7743-D57B-8FB67D10CC7B}.Release|Any CPU.Build.0 = Release|Any CPU
		{1641F893-095C-6C67-37DC-D8C72D63CC0A}.Debug|Any CPU.ActiveCfg = Debug|Any CPU
		{1641F893-095C-6C67-37DC-D8C72D63CC0A}.Debug|Any CPU.Build.0 = Debug|Any CPU
		{1641F893-095C-6C67-37DC-D8C72D63CC0A}.Release|Any CPU.ActiveCfg = Release|Any CPU
		{1641F893-095C-6C67-37DC-D8C72D63CC0A}.Release|Any CPU.Build.0 = Release|Any CPU
		{0E4E2862-8792-EB11-69D7-2B851CDE9B65}.Debug|Any CPU.ActiveCfg = Debug|Any CPU
		{0E4E2862-8792-EB11-69D7-2B851CDE9B65}.Debug|Any CPU.Build.0 = Debug|Any CPU
		{0E4E2862-8792-EB11-69D7-2B851CDE9B65}.Release|Any CPU.ActiveCfg = Release|Any CPU
		{0E4E2862-8792-EB11-69D7-2B851CDE9B65}.Release|Any CPU.Build.0 = Release|Any CPU
		{39AE6E17-EB44-BD90-4A44-F33DC04A681D}.Debug|Any CPU.ActiveCfg = Debug|Any CPU
		{39AE6E17-EB44-BD90-4A44-F33DC04A681D}.Debug|Any CPU.Build.0 = Debug|Any CPU
		{39AE6E17-EB44-BD90-4A44-F33DC04A681D}.Release|Any CPU.ActiveCfg = Release|Any CPU
		{39AE6E17-EB44-BD90-4A44-F33DC04A681D}.Release|Any CPU.Build.0 = Release|Any CPU
		{D129CD57-DC4E-1ABF-1485-DA591C777F92}.Debug|Any CPU.ActiveCfg = Debug|Any CPU
		{D129CD57-DC4E-1ABF-1485-DA591C777F92}.Debug|Any CPU.Build.0 = Debug|Any CPU
		{D129CD57-DC4E-1ABF-1485-DA591C777F92}.Release|Any CPU.ActiveCfg = Release|Any CPU
		{D129CD57-DC4E-1ABF-1485-DA591C777F92}.Release|Any CPU.Build.0 = Release|Any CPU
		{5547C944-8C65-92CA-6AFD-F4ADC546E1EE}.Debug|Any CPU.ActiveCfg = Debug|Any CPU
		{5547C944-8C65-92CA-6AFD-F4ADC546E1EE}.Debug|Any CPU.Build.0 = Debug|Any CPU
		{5547C944-8C65-92CA-6AFD-F4ADC546E1EE}.Release|Any CPU.ActiveCfg = Release|Any CPU
		{5547C944-8C65-92CA-6AFD-F4ADC546E1EE}.Release|Any CPU.Build.0 = Release|Any CPU
		{F004A211-F13E-0390-16B0-02E6D8AF952D}.Debug|Any CPU.ActiveCfg = Debug|Any CPU
		{F004A211-F13E-0390-16B0-02E6D8AF952D}.Debug|Any CPU.Build.0 = Debug|Any CPU
		{F004A211-F13E-0390-16B0-02E6D8AF952D}.Release|Any CPU.ActiveCfg = Release|Any CPU
		{F004A211-F13E-0390-16B0-02E6D8AF952D}.Release|Any CPU.Build.0 = Release|Any CPU
		{F7FCFBE7-CC6D-EC67-2E42-5A5C6490DB8D}.Debug|Any CPU.ActiveCfg = Debug|Any CPU
		{F7FCFBE7-CC6D-EC67-2E42-5A5C6490DB8D}.Debug|Any CPU.Build.0 = Debug|Any CPU
		{F7FCFBE7-CC6D-EC67-2E42-5A5C6490DB8D}.Release|Any CPU.ActiveCfg = Release|Any CPU
		{F7FCFBE7-CC6D-EC67-2E42-5A5C6490DB8D}.Release|Any CPU.Build.0 = Release|Any CPU
		{B542383F-A222-D074-2E3D-E91F5A91D9E9}.Debug|Any CPU.ActiveCfg = Debug|Any CPU
		{B542383F-A222-D074-2E3D-E91F5A91D9E9}.Debug|Any CPU.Build.0 = Debug|Any CPU
		{B542383F-A222-D074-2E3D-E91F5A91D9E9}.Release|Any CPU.ActiveCfg = Release|Any CPU
		{B542383F-A222-D074-2E3D-E91F5A91D9E9}.Release|Any CPU.Build.0 = Release|Any CPU
		{27D91D01-8A8A-D842-996D-F4BEF16AD160}.Debug|Any CPU.ActiveCfg = Debug|Any CPU
		{27D91D01-8A8A-D842-996D-F4BEF16AD160}.Debug|Any CPU.Build.0 = Debug|Any CPU
		{27D91D01-8A8A-D842-996D-F4BEF16AD160}.Release|Any CPU.ActiveCfg = Release|Any CPU
		{27D91D01-8A8A-D842-996D-F4BEF16AD160}.Release|Any CPU.Build.0 = Release|Any CPU
		{E97F3235-0439-85C7-9ABD-2E6020C4A3F4}.Debug|Any CPU.ActiveCfg = Debug|Any CPU
		{E97F3235-0439-85C7-9ABD-2E6020C4A3F4}.Debug|Any CPU.Build.0 = Debug|Any CPU
		{E97F3235-0439-85C7-9ABD-2E6020C4A3F4}.Release|Any CPU.ActiveCfg = Release|Any CPU
		{E97F3235-0439-85C7-9ABD-2E6020C4A3F4}.Release|Any CPU.Build.0 = Release|Any CPU
	EndGlobalSection
	GlobalSection(SolutionProperties) = preSolution
		HideSolutionNode = FALSE
	EndGlobalSection
EndGlobal
